
Microsoft Visual Studio Solution File, Format Version 12.00
# Visual Studio Version 17
VisualStudioVersion = 17.11.35222.181
MinimumVisualStudioVersion = 10.0.40219.1
Project("{8BC9CEB8-8B4A-11D0-8D11-00A0C91BC942}") = "lab_8.1it", "lab_8.1it.vcxproj", "{1A94E443-ADE7-4E42-9B7B-0AD49DC9125F}"
EndProject
Project("{8BC9CEB8-8B4A-11D0-8D11-00A0C91BC942}") = "UnitTest8.1it", "..\UnitTest8.1it\UnitTest8.1it.vcxproj", "{C4FF8080-ABE7-4BCF-885F-F3F1B339D51F}"
EndProject
Project("{8BC9CEB8-8B4A-11D0-8D11-00A0C91BC942}") = "UnitTest8.1itr", "..\UnitTest8.1itr\UnitTest8.1itr.vcxproj", "{C387E39D-E9BC-4BE3-9299-57826D000BF8}"
EndProject
Global
	GlobalSection(SolutionConfigurationPlatforms) = preSolution
		Debug|x64 = Debug|x64
		Debug|x86 = Debug|x86
		Release|x64 = Release|x64
		Release|x86 = Release|x86
	EndGlobalSection
	GlobalSection(ProjectConfigurationPlatforms) = postSolution
		{1A94E443-ADE7-4E42-9B7B-0AD49DC9125F}.Debug|x64.ActiveCfg = Debug|x64
		{1A94E443-ADE7-4E42-9B7B-0AD49DC9125F}.Debug|x64.Build.0 = Debug|x64
		{1A94E443-ADE7-4E42-9B7B-0AD49DC9125F}.Debug|x86.ActiveCfg = Debug|Win32
		{1A94E443-ADE7-4E42-9B7B-0AD49DC9125F}.Debug|x86.Build.0 = Debug|Win32
		{1A94E443-ADE7-4E42-9B7B-0AD49DC9125F}.Release|x64.ActiveCfg = Release|x64
		{1A94E443-ADE7-4E42-9B7B-0AD49DC9125F}.Release|x64.Build.0 = Release|x64
		{1A94E443-ADE7-4E42-9B7B-0AD49DC9125F}.Release|x86.ActiveCfg = Release|Win32
		{1A94E443-ADE7-4E42-9B7B-0AD49DC9125F}.Release|x86.Build.0 = Release|Win32
		{C4FF8080-ABE7-4BCF-885F-F3F1B339D51F}.Debug|x64.ActiveCfg = Debug|x64
		{C4FF8080-ABE7-4BCF-885F-F3F1B339D51F}.Debug|x64.Build.0 = Debug|x64
		{C4FF8080-ABE7-4BCF-885F-F3F1B339D51F}.Debug|x86.ActiveCfg = Debug|Win32
		{C4FF8080-ABE7-4BCF-885F-F3F1B339D51F}.Debug|x86.Build.0 = Debug|Win32
		{C4FF8080-ABE7-4BCF-885F-F3F1B339D51F}.Release|x64.ActiveCfg = Release|x64
		{C4FF8080-ABE7-4BCF-885F-F3F1B339D51F}.Release|x64.Build.0 = Release|x64
		{C4FF8080-ABE7-4BCF-885F-F3F1B339D51F}.Release|x86.ActiveCfg = Release|Win32
		{C4FF8080-ABE7-4BCF-885F-F3F1B339D51F}.Release|x86.Build.0 = Release|Win32
		{C387E39D-E9BC-4BE3-9299-57826D000BF8}.Debug|x64.ActiveCfg = Debug|x64
		{C387E39D-E9BC-4BE3-9299-57826D000BF8}.Debug|x64.Build.0 = Debug|x64
		{C387E39D-E9BC-4BE3-9299-57826D000BF8}.Debug|x86.ActiveCfg = Debug|Win32
		{C387E39D-E9BC-4BE3-9299-57826D000BF8}.Debug|x86.Build.0 = Debug|Win32
		{C387E39D-E9BC-4BE3-9299-57826D000BF8}.Release|x64.ActiveCfg = Release|x64
		{C387E39D-E9BC-4BE3-9299-57826D000BF8}.Release|x64.Build.0 = Release|x64
		{C387E39D-E9BC-4BE3-9299-57826D000BF8}.Release|x86.ActiveCfg = Release|Win32
		{C387E39D-E9BC-4BE3-9299-57826D000BF8}.Release|x86.Build.0 = Release|Win32
	EndGlobalSection
	GlobalSection(SolutionProperties) = preSolution
		HideSolutionNode = FALSE
	EndGlobalSection
	GlobalSection(ExtensibilityGlobals) = postSolution
		SolutionGuid = {8D6492CA-FE83-48D1-8169-4A830943D055}
	EndGlobalSection
EndGlobal
